// !$*UTF8*$!
{
	archiveVersion = 1;
	classes = {
	};
	objectVersion = 55;
	objects = {

/* Begin PBXBuildFile section */
		8488CA682844E0FB00D55442 /* AppDelegate.swift in Sources */ = {isa = PBXBuildFile; fileRef = 8488CA672844E0FB00D55442 /* AppDelegate.swift */; };
		8488CA6A2844E0FB00D55442 /* SceneDelegate.swift in Sources */ = {isa = PBXBuildFile; fileRef = 8488CA692844E0FB00D55442 /* SceneDelegate.swift */; };
		8488CA6C2844E0FB00D55442 /* LoginViewController.swift in Sources */ = {isa = PBXBuildFile; fileRef = 8488CA6B2844E0FB00D55442 /* LoginViewController.swift */; };
		8488CA6F2844E0FB00D55442 /* Main.storyboard in Resources */ = {isa = PBXBuildFile; fileRef = 8488CA6D2844E0FB00D55442 /* Main.storyboard */; };
		8488CA722844E0FB00D55442 /* KommunicateAssignment.xcdatamodeld in Sources */ = {isa = PBXBuildFile; fileRef = 8488CA702844E0FB00D55442 /* KommunicateAssignment.xcdatamodeld */; };
		8488CA742844E10000D55442 /* Assets.xcassets in Resources */ = {isa = PBXBuildFile; fileRef = 8488CA732844E10000D55442 /* Assets.xcassets */; };
		8488CA772844E10000D55442 /* LaunchScreen.storyboard in Resources */ = {isa = PBXBuildFile; fileRef = 8488CA752844E10000D55442 /* LaunchScreen.storyboard */; };
		8488CA7F2844E9DC00D55442 /* AnimationViewController.swift in Sources */ = {isa = PBXBuildFile; fileRef = 8488CA7E2844E9DC00D55442 /* AnimationViewController.swift */; };
		8488CA8328450C9D00D55442 /* DashboardViewController.swift in Sources */ = {isa = PBXBuildFile; fileRef = 8488CA8228450C9D00D55442 /* DashboardViewController.swift */; };
		8488CAAF2847C84800D55442 /* NetworkManager.swift in Sources */ = {isa = PBXBuildFile; fileRef = 8488CAAE2847C84800D55442 /* NetworkManager.swift */; };
		8488CAB12848AD3B00D55442 /* UserModel.swift in Sources */ = {isa = PBXBuildFile; fileRef = 8488CAB02848AD3B00D55442 /* UserModel.swift */; };
		84F939942848E98500AE749F /* DetailsViewController.swift in Sources */ = {isa = PBXBuildFile; fileRef = 84F939932848E98500AE749F /* DetailsViewController.swift */; };
		84F939962848F65900AE749F /* ProfileViewController.swift in Sources */ = {isa = PBXBuildFile; fileRef = 84F939952848F65900AE749F /* ProfileViewController.swift */; };
		84F9399928492ADB00AE749F /* FollowerCell.swift in Sources */ = {isa = PBXBuildFile; fileRef = 84F9399828492ADB00AE749F /* FollowerCell.swift */; };
		84F9399B28492AE100AE749F /* AvatarImageView.swift in Sources */ = {isa = PBXBuildFile; fileRef = 84F9399A28492AE100AE749F /* AvatarImageView.swift */; };
		84F9399D28492AE800AE749F /* TitleLabel.swift in Sources */ = {isa = PBXBuildFile; fileRef = 84F9399C28492AE800AE749F /* TitleLabel.swift */; };
		84F9399F28492BA400AE749F /* BodyLabel.swift in Sources */ = {isa = PBXBuildFile; fileRef = 84F9399E28492BA400AE749F /* BodyLabel.swift */; };
		84F939A228492C3000AE749F /* Extensions.swift in Sources */ = {isa = PBXBuildFile; fileRef = 84F939A128492C3000AE749F /* Extensions.swift */; };
		84F939A428492C3A00AE749F /* UserInfoHeader.swift in Sources */ = {isa = PBXBuildFile; fileRef = 84F939A328492C3A00AE749F /* UserInfoHeader.swift */; };
		84F939A728492D1700AE749F /* CutomContainerView.swift in Sources */ = {isa = PBXBuildFile; fileRef = 84F939A628492D1700AE749F /* CutomContainerView.swift */; };
		84F939A928492DDE00AE749F /* SecondaryTitleLabel.swift in Sources */ = {isa = PBXBuildFile; fileRef = 84F939A828492DDE00AE749F /* SecondaryTitleLabel.swift */; };
		84F939AB28492FEF00AE749F /* FollowerModel.swift in Sources */ = {isa = PBXBuildFile; fileRef = 84F939AA28492FEF00AE749F /* FollowerModel.swift */; };
		84F939AD2849317000AE749F /* File.swift in Sources */ = {isa = PBXBuildFile; fileRef = 84F939AC2849317000AE749F /* File.swift */; };
		84F939AF2849CF3700AE749F /* CustomButton.swift in Sources */ = {isa = PBXBuildFile; fileRef = 84F939AE2849CF3700AE749F /* CustomButton.swift */; };
/* End PBXBuildFile section */

/* Begin PBXFileReference section */
		8488CA642844E0FB00D55442 /* KommunicateAssignment.app */ = {isa = PBXFileReference; explicitFileType = wrapper.application; includeInIndex = 0; path = KommunicateAssignment.app; sourceTree = BUILT_PRODUCTS_DIR; };
		8488CA672844E0FB00D55442 /* AppDelegate.swift */ = {isa = PBXFileReference; lastKnownFileType = sourcecode.swift; path = AppDelegate.swift; sourceTree = "<group>"; };
		8488CA692844E0FB00D55442 /* SceneDelegate.swift */ = {isa = PBXFileReference; lastKnownFileType = sourcecode.swift; path = SceneDelegate.swift; sourceTree = "<group>"; };
		8488CA6B2844E0FB00D55442 /* LoginViewController.swift */ = {isa = PBXFileReference; lastKnownFileType = sourcecode.swift; path = LoginViewController.swift; sourceTree = "<group>"; };
		8488CA6E2844E0FB00D55442 /* Base */ = {isa = PBXFileReference; lastKnownFileType = file.storyboard; name = Base; path = Base.lproj/Main.storyboard; sourceTree = "<group>"; };
		8488CA712844E0FB00D55442 /* KommunicateAssignment.xcdatamodel */ = {isa = PBXFileReference; lastKnownFileType = wrapper.xcdatamodel; path = KommunicateAssignment.xcdatamodel; sourceTree = "<group>"; };
		8488CA732844E10000D55442 /* Assets.xcassets */ = {isa = PBXFileReference; lastKnownFileType = folder.assetcatalog; path = Assets.xcassets; sourceTree = "<group>"; };
		8488CA762844E10000D55442 /* Base */ = {isa = PBXFileReference; lastKnownFileType = file.storyboard; name = Base; path = Base.lproj/LaunchScreen.storyboard; sourceTree = "<group>"; };
		8488CA782844E10000D55442 /* Info.plist */ = {isa = PBXFileReference; lastKnownFileType = text.plist.xml; path = Info.plist; sourceTree = "<group>"; };
		8488CA7E2844E9DC00D55442 /* AnimationViewController.swift */ = {isa = PBXFileReference; lastKnownFileType = sourcecode.swift; path = AnimationViewController.swift; sourceTree = "<group>"; };
		8488CA8228450C9D00D55442 /* DashboardViewController.swift */ = {isa = PBXFileReference; lastKnownFileType = sourcecode.swift; path = DashboardViewController.swift; sourceTree = "<group>"; };
		8488CAAE2847C84800D55442 /* NetworkManager.swift */ = {isa = PBXFileReference; lastKnownFileType = sourcecode.swift; path = NetworkManager.swift; sourceTree = "<group>"; };
		8488CAB02848AD3B00D55442 /* UserModel.swift */ = {isa = PBXFileReference; lastKnownFileType = sourcecode.swift; path = UserModel.swift; sourceTree = "<group>"; };
		84F939932848E98500AE749F /* DetailsViewController.swift */ = {isa = PBXFileReference; lastKnownFileType = sourcecode.swift; path = DetailsViewController.swift; sourceTree = "<group>"; };
		84F939952848F65900AE749F /* ProfileViewController.swift */ = {isa = PBXFileReference; lastKnownFileType = sourcecode.swift; path = ProfileViewController.swift; sourceTree = "<group>"; };
		84F9399828492ADB00AE749F /* FollowerCell.swift */ = {isa = PBXFileReference; lastKnownFileType = sourcecode.swift; path = FollowerCell.swift; sourceTree = "<group>"; };
		84F9399A28492AE100AE749F /* AvatarImageView.swift */ = {isa = PBXFileReference; lastKnownFileType = sourcecode.swift; path = AvatarImageView.swift; sourceTree = "<group>"; };
		84F9399C28492AE800AE749F /* TitleLabel.swift */ = {isa = PBXFileReference; lastKnownFileType = sourcecode.swift; path = TitleLabel.swift; sourceTree = "<group>"; };
		84F9399E28492BA400AE749F /* BodyLabel.swift */ = {isa = PBXFileReference; lastKnownFileType = sourcecode.swift; path = BodyLabel.swift; sourceTree = "<group>"; };
		84F939A128492C3000AE749F /* Extensions.swift */ = {isa = PBXFileReference; lastKnownFileType = sourcecode.swift; path = Extensions.swift; sourceTree = "<group>"; };
		84F939A328492C3A00AE749F /* UserInfoHeader.swift */ = {isa = PBXFileReference; lastKnownFileType = sourcecode.swift; path = UserInfoHeader.swift; sourceTree = "<group>"; };
		84F939A628492D1700AE749F /* CutomContainerView.swift */ = {isa = PBXFileReference; lastKnownFileType = sourcecode.swift; path = CutomContainerView.swift; sourceTree = "<group>"; };
		84F939A828492DDE00AE749F /* SecondaryTitleLabel.swift */ = {isa = PBXFileReference; lastKnownFileType = sourcecode.swift; path = SecondaryTitleLabel.swift; sourceTree = "<group>"; };
		84F939AA28492FEF00AE749F /* FollowerModel.swift */ = {isa = PBXFileReference; lastKnownFileType = sourcecode.swift; path = FollowerModel.swift; sourceTree = "<group>"; };
		84F939AC2849317000AE749F /* File.swift */ = {isa = PBXFileReference; lastKnownFileType = sourcecode.swift; path = File.swift; sourceTree = "<group>"; };
		84F939AE2849CF3700AE749F /* CustomButton.swift */ = {isa = PBXFileReference; lastKnownFileType = sourcecode.swift; path = CustomButton.swift; sourceTree = "<group>"; };
/* End PBXFileReference section */

/* Begin PBXFrameworksBuildPhase section */
		8488CA612844E0FB00D55442 /* Frameworks */ = {
			isa = PBXFrameworksBuildPhase;
			buildActionMask = 2147483647;
			files = (
			);
			runOnlyForDeploymentPostprocessing = 0;
		};
/* End PBXFrameworksBuildPhase section */

/* Begin PBXGroup section */
		8421CFB92849DF350091784D /* Service */ = {
			isa = PBXGroup;
			children = (
				8488CAAE2847C84800D55442 /* NetworkManager.swift */,
			);
			path = Service;
			sourceTree = "<group>";
		};
		8488CA5B2844E0FB00D55442 = {
			isa = PBXGroup;
			children = (
				8488CA662844E0FB00D55442 /* KommunicateAssignment */,
				8488CA652844E0FB00D55442 /* Products */,
			);
			sourceTree = "<group>";
		};
		8488CA652844E0FB00D55442 /* Products */ = {
			isa = PBXGroup;
			children = (
				8488CA642844E0FB00D55442 /* KommunicateAssignment.app */,
			);
			name = Products;
			sourceTree = "<group>";
		};
		8488CA662844E0FB00D55442 /* KommunicateAssignment */ = {
			isa = PBXGroup;
			children = (
				8488CA692844E0FB00D55442 /* SceneDelegate.swift */,
				8488CA672844E0FB00D55442 /* AppDelegate.swift */,
				84F939A128492C3000AE749F /* Extensions.swift */,
				8421CFB92849DF350091784D /* Service */,
				84F939A528492CE200AE749F /* Model */,
				84F939A028492C1900AE749F /* View */,
				84F9399728492ABD00AE749F /* Controllers */,
				8488CA6D2844E0FB00D55442 /* Main.storyboard */,
				8488CA732844E10000D55442 /* Assets.xcassets */,
				8488CA752844E10000D55442 /* LaunchScreen.storyboard */,
				8488CA782844E10000D55442 /* Info.plist */,
				8488CA702844E0FB00D55442 /* KommunicateAssignment.xcdatamodeld */,
				84F939AC2849317000AE749F /* File.swift */,
			);
			path = KommunicateAssignment;
			sourceTree = "<group>";
		};
		84F9399728492ABD00AE749F /* Controllers */ = {
			isa = PBXGroup;
			children = (
				8488CA7E2844E9DC00D55442 /* AnimationViewController.swift */,
				84F939952848F65900AE749F /* ProfileViewController.swift */,
				84F939932848E98500AE749F /* DetailsViewController.swift */,
				8488CA6B2844E0FB00D55442 /* LoginViewController.swift */,
				8488CA8228450C9D00D55442 /* DashboardViewController.swift */,
			);
			path = Controllers;
			sourceTree = "<group>";
		};
		84F939A028492C1900AE749F /* View */ = {
			isa = PBXGroup;
			children = (
				84F939A828492DDE00AE749F /* SecondaryTitleLabel.swift */,
				84F939A328492C3A00AE749F /* UserInfoHeader.swift */,
				84F9399828492ADB00AE749F /* FollowerCell.swift */,
				84F9399A28492AE100AE749F /* AvatarImageView.swift */,
				84F9399C28492AE800AE749F /* TitleLabel.swift */,
				84F9399E28492BA400AE749F /* BodyLabel.swift */,
				84F939A628492D1700AE749F /* CutomContainerView.swift */,
				84F939AE2849CF3700AE749F /* CustomButton.swift */,
			);
			path = View;
			sourceTree = "<group>";
		};
		84F939A528492CE200AE749F /* Model */ = {
			isa = PBXGroup;
			children = (
				8488CAB02848AD3B00D55442 /* UserModel.swift */,
				84F939AA28492FEF00AE749F /* FollowerModel.swift */,
			);
			path = Model;
			sourceTree = "<group>";
		};
/* End PBXGroup section */

/* Begin PBXNativeTarget section */
		8488CA632844E0FB00D55442 /* KommunicateAssignment */ = {
			isa = PBXNativeTarget;
			buildConfigurationList = 8488CA7B2844E10000D55442 /* Build configuration list for PBXNativeTarget "KommunicateAssignment" */;
			buildPhases = (
				8488CA602844E0FB00D55442 /* Sources */,
				8488CA612844E0FB00D55442 /* Frameworks */,
				8488CA622844E0FB00D55442 /* Resources */,
			);
			buildRules = (
			);
			dependencies = (
			);
			name = KommunicateAssignment;
			productName = KommunicateAssignment;
			productReference = 8488CA642844E0FB00D55442 /* KommunicateAssignment.app */;
			productType = "com.apple.product-type.application";
		};
/* End PBXNativeTarget section */

/* Begin PBXProject section */
		8488CA5C2844E0FB00D55442 /* Project object */ = {
			isa = PBXProject;
			attributes = {
				BuildIndependentTargetsInParallel = 1;
				LastSwiftUpdateCheck = 1330;
				LastUpgradeCheck = 1330;
				TargetAttributes = {
					8488CA632844E0FB00D55442 = {
						CreatedOnToolsVersion = 13.3.1;
					};
				};
			};
			buildConfigurationList = 8488CA5F2844E0FB00D55442 /* Build configuration list for PBXProject "KommunicateAssignment" */;
			compatibilityVersion = "Xcode 13.0";
			developmentRegion = en;
			hasScannedForEncodings = 0;
			knownRegions = (
				en,
				Base,
			);
			mainGroup = 8488CA5B2844E0FB00D55442;
			productRefGroup = 8488CA652844E0FB00D55442 /* Products */;
			projectDirPath = "";
			projectRoot = "";
			targets = (
				8488CA632844E0FB00D55442 /* KommunicateAssignment */,
			);
		};
/* End PBXProject section */

/* Begin PBXResourcesBuildPhase section */
		8488CA622844E0FB00D55442 /* Resources */ = {
			isa = PBXResourcesBuildPhase;
			buildActionMask = 2147483647;
			files = (
				8488CA772844E10000D55442 /* LaunchScreen.storyboard in Resources */,
				8488CA742844E10000D55442 /* Assets.xcassets in Resources */,
				8488CA6F2844E0FB00D55442 /* Main.storyboard in Resources */,
			);
			runOnlyForDeploymentPostprocessing = 0;
		};
/* End PBXResourcesBuildPhase section */

/* Begin PBXSourcesBuildPhase section */
		8488CA602844E0FB00D55442 /* Sources */ = {
			isa = PBXSourcesBuildPhase;
			buildActionMask = 2147483647;
			files = (
				8488CAB12848AD3B00D55442 /* UserModel.swift in Sources */,
				84F939A728492D1700AE749F /* CutomContainerView.swift in Sources */,
				8488CA722844E0FB00D55442 /* KommunicateAssignment.xcdatamodeld in Sources */,
				84F939962848F65900AE749F /* ProfileViewController.swift in Sources */,
				84F939942848E98500AE749F /* DetailsViewController.swift in Sources */,
				84F939AD2849317000AE749F /* File.swift in Sources */,
				84F9399B28492AE100AE749F /* AvatarImageView.swift in Sources */,
				8488CA6C2844E0FB00D55442 /* LoginViewController.swift in Sources */,
				8488CA7F2844E9DC00D55442 /* AnimationViewController.swift in Sources */,
				8488CAAF2847C84800D55442 /* NetworkManager.swift in Sources */,
				84F939A428492C3A00AE749F /* UserInfoHeader.swift in Sources */,
				84F939AF2849CF3700AE749F /* CustomButton.swift in Sources */,
				8488CA682844E0FB00D55442 /* AppDelegate.swift in Sources */,
				84F9399F28492BA400AE749F /* BodyLabel.swift in Sources */,
				84F939A928492DDE00AE749F /* SecondaryTitleLabel.swift in Sources */,
				84F939A228492C3000AE749F /* Extensions.swift in Sources */,
				8488CA8328450C9D00D55442 /* DashboardViewController.swift in Sources */,
				84F9399928492ADB00AE749F /* FollowerCell.swift in Sources */,
				84F9399D28492AE800AE749F /* TitleLabel.swift in Sources */,
				8488CA6A2844E0FB00D55442 /* SceneDelegate.swift in Sources */,
				84F939AB28492FEF00AE749F /* FollowerModel.swift in Sources */,
			);
			runOnlyForDeploymentPostprocessing = 0;
		};
/* End PBXSourcesBuildPhase section */

/* Begin PBXVariantGroup section */
		8488CA6D2844E0FB00D55442 /* Main.storyboard */ = {
			isa = PBXVariantGroup;
			children = (
				8488CA6E2844E0FB00D55442 /* Base */,
			);
			name = Main.storyboard;
			sourceTree = "<group>";
		};
		8488CA752844E10000D55442 /* LaunchScreen.storyboard */ = {
			isa = PBXVariantGroup;
			children = (
				8488CA762844E10000D55442 /* Base */,
			);
			name = LaunchScreen.storyboard;
			sourceTree = "<group>";
		};
/* End PBXVariantGroup section */

/* Begin XCBuildConfiguration section */
		8488CA792844E10000D55442 /* Debug */ = {
			isa = XCBuildConfiguration;
			buildSettings = {
				ALWAYS_SEARCH_USER_PATHS = NO;
				CLANG_ANALYZER_NONNULL = YES;
				CLANG_ANALYZER_NUMBER_OBJECT_CONVERSION = YES_AGGRESSIVE;
				CLANG_CXX_LANGUAGE_STANDARD = "gnu++17";
				CLANG_ENABLE_MODULES = YES;
				CLANG_ENABLE_OBJC_ARC = YES;
				CLANG_ENABLE_OBJC_WEAK = YES;
				CLANG_WARN_BLOCK_CAPTURE_AUTORELEASING = YES;
				CLANG_WARN_BOOL_CONVERSION = YES;
				CLANG_WARN_COMMA = YES;
				CLANG_WARN_CONSTANT_CONVERSION = YES;
				CLANG_WARN_DEPRECATED_OBJC_IMPLEMENTATIONS = YES;
				CLANG_WARN_DIRECT_OBJC_ISA_USAGE = YES_ERROR;
				CLANG_WARN_DOCUMENTATION_COMMENTS = YES;
				CLANG_WARN_EMPTY_BODY = YES;
				CLANG_WARN_ENUM_CONVERSION = YES;
				CLANG_WARN_INFINITE_RECURSION = YES;
				CLANG_WARN_INT_CONVERSION = YES;
				CLANG_WARN_NON_LITERAL_NULL_CONVERSION = YES;
				CLANG_WARN_OBJC_IMPLICIT_RETAIN_SELF = YES;
				CLANG_WARN_OBJC_LITERAL_CONVERSION = YES;
				CLANG_WARN_OBJC_ROOT_CLASS = YES_ERROR;
				CLANG_WARN_QUOTED_INCLUDE_IN_FRAMEWORK_HEADER = YES;
				CLANG_WARN_RANGE_LOOP_ANALYSIS = YES;
				CLANG_WARN_STRICT_PROTOTYPES = YES;
				CLANG_WARN_SUSPICIOUS_MOVE = YES;
				CLANG_WARN_UNGUARDED_AVAILABILITY = YES_AGGRESSIVE;
				CLANG_WARN_UNREACHABLE_CODE = YES;
				CLANG_WARN__DUPLICATE_METHOD_MATCH = YES;
				COPY_PHASE_STRIP = NO;
				DEBUG_INFORMATION_FORMAT = dwarf;
				ENABLE_STRICT_OBJC_MSGSEND = YES;
				ENABLE_TESTABILITY = YES;
				GCC_C_LANGUAGE_STANDARD = gnu11;
				GCC_DYNAMIC_NO_PIC = NO;
				GCC_NO_COMMON_BLOCKS = YES;
				GCC_OPTIMIZATION_LEVEL = 0;
				GCC_PREPROCESSOR_DEFINITIONS = (
					"DEBUG=1",
					"$(inherited)",
				);
				GCC_WARN_64_TO_32_BIT_CONVERSION = YES;
				GCC_WARN_ABOUT_RETURN_TYPE = YES_ERROR;
				GCC_WARN_UNDECLARED_SELECTOR = YES;
				GCC_WARN_UNINITIALIZED_AUTOS = YES_AGGRESSIVE;
				GCC_WARN_UNUSED_FUNCTION = YES;
				GCC_WARN_UNUSED_VARIABLE = YES;
				IPHONEOS_DEPLOYMENT_TARGET = 15.4;
				MTL_ENABLE_DEBUG_INFO = INCLUDE_SOURCE;
				MTL_FAST_MATH = YES;
				ONLY_ACTIVE_ARCH = YES;
				SDKROOT = iphoneos;
				SWIFT_ACTIVE_COMPILATION_CONDITIONS = DEBUG;
				SWIFT_OPTIMIZATION_LEVEL = "-Onone";
			};
			name = Debug;
		};
		8488CA7A2844E10000D55442 /* Release */ = {
			isa = XCBuildConfiguration;
			buildSettings = {
				ALWAYS_SEARCH_USER_PATHS = NO;
				CLANG_ANALYZER_NONNULL = YES;
				CLANG_ANALYZER_NUMBER_OBJECT_CONVERSION = YES_AGGRESSIVE;
				CLANG_CXX_LANGUAGE_STANDARD = "gnu++17";
				CLANG_ENABLE_MODULES = YES;
				CLANG_ENABLE_OBJC_ARC = YES;
				CLANG_ENABLE_OBJC_WEAK = YES;
				CLANG_WARN_BLOCK_CAPTURE_AUTORELEASING = YES;
				CLANG_WARN_BOOL_CONVERSION = YES;
				CLANG_WARN_COMMA = YES;
				CLANG_WARN_CONSTANT_CONVERSION = YES;
				CLANG_WARN_DEPRECATED_OBJC_IMPLEMENTATIONS = YES;
				CLANG_WARN_DIRECT_OBJC_ISA_USAGE = YES_ERROR;
				CLANG_WARN_DOCUMENTATION_COMMENTS = YES;
				CLANG_WARN_EMPTY_BODY = YES;
				CLANG_WARN_ENUM_CONVERSION = YES;
				CLANG_WARN_INFINITE_RECURSION = YES;
				CLANG_WARN_INT_CONVERSION = YES;
				CLANG_WARN_NON_LITERAL_NULL_CONVERSION = YES;
				CLANG_WARN_OBJC_IMPLICIT_RETAIN_SELF = YES;
				CLANG_WARN_OBJC_LITERAL_CONVERSION = YES;
				CLANG_WARN_OBJC_ROOT_CLASS = YES_ERROR;
				CLANG_WARN_QUOTED_INCLUDE_IN_FRAMEWORK_HEADER = YES;
				CLANG_WARN_RANGE_LOOP_ANALYSIS = YES;
				CLANG_WARN_STRICT_PROTOTYPES = YES;
				CLANG_WARN_SUSPICIOUS_MOVE = YES;
				CLANG_WARN_UNGUARDED_AVAILABILITY = YES_AGGRESSIVE;
				CLANG_WARN_UNREACHABLE_CODE = YES;
				CLANG_WARN__DUPLICATE_METHOD_MATCH = YES;
				COPY_PHASE_STRIP = NO;
				DEBUG_INFORMATION_FORMAT = "dwarf-with-dsym";
				ENABLE_NS_ASSERTIONS = NO;
				ENABLE_STRICT_OBJC_MSGSEND = YES;
				GCC_C_LANGUAGE_STANDARD = gnu11;
				GCC_NO_COMMON_BLOCKS = YES;
				GCC_WARN_64_TO_32_BIT_CONVERSION = YES;
				GCC_WARN_ABOUT_RETURN_TYPE = YES_ERROR;
				GCC_WARN_UNDECLARED_SELECTOR = YES;
				GCC_WARN_UNINITIALIZED_AUTOS = YES_AGGRESSIVE;
				GCC_WARN_UNUSED_FUNCTION = YES;
				GCC_WARN_UNUSED_VARIABLE = YES;
				IPHONEOS_DEPLOYMENT_TARGET = 15.4;
				MTL_ENABLE_DEBUG_INFO = NO;
				MTL_FAST_MATH = YES;
				SDKROOT = iphoneos;
				SWIFT_COMPILATION_MODE = wholemodule;
				SWIFT_OPTIMIZATION_LEVEL = "-O";
				VALIDATE_PRODUCT = YES;
			};
			name = Release;
		};
		8488CA7C2844E10000D55442 /* Debug */ = {
			isa = XCBuildConfiguration;
			buildSettings = {
				ASSETCATALOG_COMPILER_APPICON_NAME = AppIcon;
				ASSETCATALOG_COMPILER_GLOBAL_ACCENT_COLOR_NAME = AccentColor;
				CODE_SIGN_STYLE = Automatic;
				CURRENT_PROJECT_VERSION = 1;
				DEVELOPMENT_TEAM = C2T833C56R;
				GENERATE_INFOPLIST_FILE = YES;
				INFOPLIST_FILE = KommunicateAssignment/Info.plist;
				INFOPLIST_KEY_UIApplicationSupportsIndirectInputEvents = YES;
				INFOPLIST_KEY_UILaunchStoryboardName = LaunchScreen;
				INFOPLIST_KEY_UIMainStoryboardFile = Main;
				INFOPLIST_KEY_UISupportedInterfaceOrientations_iPad = "UIInterfaceOrientationPortrait UIInterfaceOrientationPortraitUpsideDown UIInterfaceOrientationLandscapeLeft UIInterfaceOrientationLandscapeRight";
				INFOPLIST_KEY_UISupportedInterfaceOrientations_iPhone = "UIInterfaceOrientationPortrait UIInterfaceOrientationLandscapeLeft UIInterfaceOrientationLandscapeRight";
				LD_RUNPATH_SEARCH_PATHS = (
					"$(inherited)",
					"@executable_path/Frameworks",
				);
				MARKETING_VERSION = 1.0;
				PRODUCT_BUNDLE_IDENTIFIER = com.rahul.ios.KommunicateAssignment;
				PRODUCT_NAME = "$(TARGET_NAME)";
				SWIFT_EMIT_LOC_STRINGS = YES;
				SWIFT_VERSION = 5.0;
				TARGETED_DEVICE_FAMILY = "1,2";
			};
			name = Debug;
		};
		8488CA7D2844E10000D55442 /* Release */ = {
			isa = XCBuildConfiguration;
			buildSettings = {
				ASSETCATALOG_COMPILER_APPICON_NAME = AppIcon;
				ASSETCATALOG_COMPILER_GLOBAL_ACCENT_COLOR_NAME = AccentColor;
				CODE_SIGN_STYLE = Automatic;
				CURRENT_PROJECT_VERSION = 1;
				DEVELOPMENT_TEAM = C2T833C56R;
				GENERATE_INFOPLIST_FILE = YES;
				INFOPLIST_FILE = KommunicateAssignment/Info.plist;
				INFOPLIST_KEY_UIApplicationSupportsIndirectInputEvents = YES;
				INFOPLIST_KEY_UILaunchStoryboardName = LaunchScreen;
				INFOPLIST_KEY_UIMainStoryboardFile = Main;
				INFOPLIST_KEY_UISupportedInterfaceOrientations_iPad = "UIInterfaceOrientationPortrait UIInterfaceOrientationPortraitUpsideDown UIInterfaceOrientationLandscapeLeft UIInterfaceOrientationLandscapeRight";
				INFOPLIST_KEY_UISupportedInterfaceOrientations_iPhone = "UIInterfaceOrientationPortrait UIInterfaceOrientationLandscapeLeft UIInterfaceOrientationLandscapeRight";
				LD_RUNPATH_SEARCH_PATHS = (
					"$(inherited)",
					"@executable_path/Frameworks",
				);
				MARKETING_VERSION = 1.0;
				PRODUCT_BUNDLE_IDENTIFIER = com.rahul.ios.KommunicateAssignment;
				PRODUCT_NAME = "$(TARGET_NAME)";
				SWIFT_EMIT_LOC_STRINGS = YES;
				SWIFT_VERSION = 5.0;
				TARGETED_DEVICE_FAMILY = "1,2";
			};
			name = Release;
		};
/* End XCBuildConfiguration section */

/* Begin XCConfigurationList section */
		8488CA5F2844E0FB00D55442 /* Build configuration list for PBXProject "KommunicateAssignment" */ = {
			isa = XCConfigurationList;
			buildConfigurations = (
				8488CA792844E10000D55442 /* Debug */,
				8488CA7A2844E10000D55442 /* Release */,
			);
			defaultConfigurationIsVisible = 0;
			defaultConfigurationName = Release;
		};
		8488CA7B2844E10000D55442 /* Build configuration list for PBXNativeTarget "KommunicateAssignment" */ = {
			isa = XCConfigurationList;
			buildConfigurations = (
				8488CA7C2844E10000D55442 /* Debug */,
				8488CA7D2844E10000D55442 /* Release */,
			);
			defaultConfigurationIsVisible = 0;
			defaultConfigurationName = Release;
		};
/* End XCConfigurationList section */

/* Begin XCVersionGroup section */
		8488CA702844E0FB00D55442 /* KommunicateAssignment.xcdatamodeld */ = {
			isa = XCVersionGroup;
			children = (
				8488CA712844E0FB00D55442 /* KommunicateAssignment.xcdatamodel */,
			);
			currentVersion = 8488CA712844E0FB00D55442 /* KommunicateAssignment.xcdatamodel */;
			path = KommunicateAssignment.xcdatamodeld;
			sourceTree = "<group>";
			versionGroupType = wrapper.xcdatamodel;
		};
/* End XCVersionGroup section */
	};
	rootObject = 8488CA5C2844E0FB00D55442 /* Project object */;
}
